{
  "lockfileVersion": 1,
  "configVersion": 0,
  "workspaces": {
    "": {
      "name": "content-creator-agent",
      "dependencies": {
        "@langchain/core": "^1.1.40",
        "@langchain/openai": "^1.4.4",
        "autoprefixer": "^10.4.21",
        "clsx": "^2.1.1",
        "deepagents": "^1.9.0",
        "langchain": "^1.3.3",
        "next": "^16.0.0",
        "postcss": "^8.5.4",
        "react": "^19.2.5",
        "react-dom": "^19.2.5",
        "react-markdown": "^10.1.0",
        "tailwind-merge": "^3.3.0",
        "tailwindcss": "^3.4.17",
        "zod": "^4.3.6",
      },
      "devDependencies": {
        "@types/node": "^22.0.0",
        "@types/react": "^19.2.14",
        "@types/react-dom": "^19.2.3",
        "typescript": "^5.6.3",
      },
    },
  },
  "packages": {
    "@alloc/quick-lru": ["@alloc/quick-lru@5.2.0", "https://mirrors.tencent.com/npm/@alloc/quick-lru/-/quick-lru-5.2.0.tgz", {}, ""],

    "@cfworker/json-schema": ["@cfworker/json-schema@4.1.1", "https://mirrors.tencent.com/npm/@cfworker/json-schema/-/json-schema-4.1.1.tgz", {}, ""],

    "@img/colour": ["@img/colour@1.1.0", "https://mirrors.tencent.com/npm/@img/colour/-/colour-1.1.0.tgz", {}, ""],

    "@img/sharp-darwin-arm64": ["@img/sharp-darwin-arm64@0.34.5", "https://mirrors.tencent.com/npm/@img/sharp-darwin-arm64/-/sharp-darwin-arm64-0.34.5.tgz", { "optionalDependencies": { "@img/sharp-libvips-darwin-arm64": "1.2.4" }, "os": "darwin", "cpu": "arm64" }, ""],

    "@img/sharp-libvips-darwin-arm64": ["@img/sharp-libvips-darwin-arm64@1.2.4", "https://mirrors.tencent.com/npm/@img/sharp-libvips-darwin-arm64/-/sharp-libvips-darwin-arm64-1.2.4.tgz", { "os": "darwin", "cpu": "arm64" }, ""],

    "@jridgewell/gen-mapping": ["@jridgewell/gen-mapping@0.3.13", "https://mirrors.tencent.com/npm/@jridgewell/gen-mapping/-/gen-mapping-0.3.13.tgz", { "dependencies": { "@jridgewell/sourcemap-codec": "^1.5.0", "@jridgewell/trace-mapping": "^0.3.24" } }, ""],

    "@jridgewell/resolve-uri": ["@jridgewell/resolve-uri@3.1.2", "https://mirrors.tencent.com/npm/@jridgewell/resolve-uri/-/resolve-uri-3.1.2.tgz", {}, ""],

    "@jridgewell/sourcemap-codec": ["@jridgewell/sourcemap-codec@1.5.5", "https://mirrors.tencent.com/npm/@jridgewell/sourcemap-codec/-/sourcemap-codec-1.5.5.tgz", {}, ""],

    "@jridgewell/trace-mapping": ["@jridgewell/trace-mapping@0.3.31", "https://mirrors.tencent.com/npm/@jridgewell/trace-mapping/-/trace-mapping-0.3.31.tgz", { "dependencies": { "@jridgewell/resolve-uri": "^3.1.0", "@jridgewell/sourcemap-codec": "^1.4.14" } }, ""],

    "@langchain/core": ["@langchain/core@1.1.46", "https://mirrors.tencent.com/npm/@langchain/core/-/core-1.1.46.tgz", { "dependencies": { "@cfworker/json-schema": "^4.0.2", "@standard-schema/spec": "^1.1.0", "js-tiktoken": "^1.0.12", "langsmith": ">=0.5.0 <1.0.0", "mustache": "^4.2.0", "p-queue": "^6.6.2", "zod": "^3.25.76 || ^4" } }, ""],

    "@langchain/langgraph": ["@langchain/langgraph@1.3.0", "https://mirrors.tencent.com/npm/@langchain/langgraph/-/langgraph-1.3.0.tgz", { "dependencies": { "@langchain/langgraph-checkpoint": "^1.0.2", "@langchain/langgraph-sdk": "~1.9.0", "@langchain/protocol": "^0.0.15", "@standard-schema/spec": "1.1.0", "uuid": "^10.0.0" }, "peerDependencies": { "@langchain/core": "^1.1.44", "zod": "^3.25.32 || ^4.2.0", "zod-to-json-schema": "^3.x" }, "optionalPeers": ["zod-to-json-schema"] }, ""],

    "@langchain/langgraph-checkpoint": ["@langchain/langgraph-checkpoint@1.0.2", "https://mirrors.tencent.com/npm/@langchain/langgraph-checkpoint/-/langgraph-checkpoint-1.0.2.tgz", { "dependencies": { "uuid": "^10.0.0" }, "peerDependencies": { "@langchain/core": "^1.1.44" } }, ""],

    "@langchain/langgraph-sdk": ["@langchain/langgraph-sdk@1.9.2", "https://mirrors.tencent.com/npm/@langchain/langgraph-sdk/-/langgraph-sdk-1.9.2.tgz", { "dependencies": { "@langchain/core": "^1.1.44", "@langchain/protocol": "^0.0.15", "@types/json-schema": "^7.0.15", "p-queue": "^9.0.1", "p-retry": "^7.1.1", "uuid": "^13.0.0" }, "peerDependencies": { "react": "^18 || ^19", "react-dom": "^18 || ^19", "svelte": "^4.0.0 || ^5.0.0", "vue": "^3.0.0" }, "optionalPeers": ["svelte", "vue"] }, ""],

    "@langchain/openai": ["@langchain/openai@1.4.5", "https://mirrors.tencent.com/npm/@langchain/openai/-/openai-1.4.5.tgz", { "dependencies": { "js-tiktoken": "^1.0.12", "openai": "^6.34.0", "zod": "^3.25.76 || ^4" }, "peerDependencies": { "@langchain/core": "^1.1.42" } }, ""],

    "@langchain/protocol": ["@langchain/protocol@0.0.15", "https://mirrors.tencent.com/npm/@langchain/protocol/-/protocol-0.0.15.tgz", {}, ""],

    "@next/env": ["@next/env@16.2.6", "https://mirrors.tencent.com/npm/@next/env/-/env-16.2.6.tgz", {}, ""],

    "@next/swc-darwin-arm64": ["@next/swc-darwin-arm64@16.2.6", "https://mirrors.tencent.com/npm/@next/swc-darwin-arm64/-/swc-darwin-arm64-16.2.6.tgz", { "os": "darwin", "cpu": "arm64" }, ""],

    "@next/swc-darwin-x64": ["@next/swc-darwin-x64@16.2.6", "https://mirrors.tencent.com/npm/@next/swc-darwin-x64/-/swc-darwin-x64-16.2.6.tgz", { "os": "darwin", "cpu": "x64" }, "sha512-v/YLBHIY132Ced3puBJ7YJKw1lqsCrgcNo2aRJlCEyQrrCeRJlvGlnmxhPxNQI3KE3N1DN5r9TPNPvka3nq5RQ=="],

    "@next/swc-linux-arm64-gnu": ["@next/swc-linux-arm64-gnu@16.2.6", "https://mirrors.tencent.com/npm/@next/swc-linux-arm64-gnu/-/swc-linux-arm64-gnu-16.2.6.tgz", { "os": "linux", "cpu": "arm64" }, "sha512-RPOvqlYBbcQjkz9VQQDZ2T2bARIjXZV1KFlt+V2Mr6SW/e4I9fcKsaA0hdyf2FHoTlsV2xnBd5Y912rP/1Ce6w=="],

    "@next/swc-linux-arm64-musl": ["@next/swc-linux-arm64-musl@16.2.6", "https://mirrors.tencent.com/npm/@next/swc-linux-arm64-musl/-/swc-linux-arm64-musl-16.2.6.tgz", { "os": "linux", "cpu": "arm64" }, "sha512-URUTu1+dMkxJsPFgm+OeEvq9wf5sujw0EvgYy80TDGHTSLTnIHeqb0Eu8A3sC95IRgjejQL+kC4mw+4yPxiAXA=="],

    "@next/swc-linux-x64-gnu": ["@next/swc-linux-x64-gnu@16.2.6", "https://mirrors.tencent.com/npm/@next/swc-linux-x64-gnu/-/swc-linux-x64-gnu-16.2.6.tgz", { "os": "linux", "cpu": "x64" }, "sha512-DOj182mPV8G3UkrayLoREM5YEYI+Dk5wv7Ox9xl1fFibAELEsFD0lDPfHIeILlutMMfdyhlzYPELG3peuKaurw=="],

    "@next/swc-linux-x64-musl": ["@next/swc-linux-x64-musl@16.2.6", "https://mirrors.tencent.com/npm/@next/swc-linux-x64-musl/-/swc-linux-x64-musl-16.2.6.tgz", { "os": "linux", "cpu": "x64" }, "sha512-HKQ5SP/V/ub73UvF7n/zeJlxk2kLmtL7Wzrg4WfmkjmNos5onJ2tKu7yZOPdL18A6Svfn3max29ym+ry7NkK4g=="],

    "@next/swc-win32-arm64-msvc": ["@next/swc-win32-arm64-msvc@16.2.6", "https://mirrors.tencent.com/npm/@next/swc-win32-arm64-msvc/-/swc-win32-arm64-msvc-16.2.6.tgz", { "os": "win32", "cpu": "arm64" }, "sha512-LZXpTlPyS5v7HhSmnvsLGP3iIYgYOBnc8r8ArlT55sGHV89bR2HlDdBjWQ+PY6SJMmk8TuVGFuxalnP3k/0Dwg=="],

    "@next/swc-win32-x64-msvc": ["@next/swc-win32-x64-msvc@16.2.6", "https://mirrors.tencent.com/npm/@next/swc-win32-x64-msvc/-/swc-win32-x64-msvc-16.2.6.tgz", { "os": "win32", "cpu": "x64" }, "sha512-F0+4i0h9J6C4eE3EAPWsoCk7UW/dbzOjyzxY0qnDUOYFu6FFmdZ6l97/XdV3/Nz3VYyO7UWjyEJUXkGqcoXfMA=="],

    "@nodelib/fs.scandir": ["@nodelib/fs.scandir@2.1.5", "https://mirrors.tencent.com/npm/@nodelib/fs.scandir/-/fs.scandir-2.1.5.tgz", { "dependencies": { "@nodelib/fs.stat": "2.0.5", "run-parallel": "^1.1.9" } }, ""],

    "@nodelib/fs.stat": ["@nodelib/fs.stat@2.0.5", "https://mirrors.tencent.com/npm/@nodelib/fs.stat/-/fs.stat-2.0.5.tgz", {}, ""],

    "@nodelib/fs.walk": ["@nodelib/fs.walk@1.2.8", "https://mirrors.tencent.com/npm/@nodelib/fs.walk/-/fs.walk-1.2.8.tgz", { "dependencies": { "@nodelib/fs.scandir": "2.1.5", "fastq": "^1.6.0" } }, ""],

    "@standard-schema/spec": ["@standard-schema/spec@1.1.0", "https://mirrors.tencent.com/npm/@standard-schema/spec/-/spec-1.1.0.tgz", {}, ""],

    "@swc/helpers": ["@swc/helpers@0.5.15", "https://mirrors.tencent.com/npm/@swc/helpers/-/helpers-0.5.15.tgz", { "dependencies": { "tslib": "^2.8.0" } }, ""],

    "@types/debug": ["@types/debug@4.1.13", "https://mirrors.tencent.com/npm/@types/debug/-/debug-4.1.13.tgz", { "dependencies": { "@types/ms": "*" } }, ""],

    "@types/estree": ["@types/estree@1.0.9", "https://mirrors.tencent.com/npm/@types/estree/-/estree-1.0.9.tgz", {}, ""],

    "@types/estree-jsx": ["@types/estree-jsx@1.0.5", "https://mirrors.tencent.com/npm/@types/estree-jsx/-/estree-jsx-1.0.5.tgz", { "dependencies": { "@types/estree": "*" } }, ""],

    "@types/hast": ["@types/hast@3.0.4", "https://mirrors.tencent.com/npm/@types/hast/-/hast-3.0.4.tgz", { "dependencies": { "@types/unist": "*" } }, ""],

    "@types/json-schema": ["@types/json-schema@7.0.15", "https://mirrors.tencent.com/npm/@types/json-schema/-/json-schema-7.0.15.tgz", {}, ""],

    "@types/mdast": ["@types/mdast@4.0.4", "https://mirrors.tencent.com/npm/@types/mdast/-/mdast-4.0.4.tgz", { "dependencies": { "@types/unist": "*" } }, ""],

    "@types/ms": ["@types/ms@2.1.0", "https://mirrors.tencent.com/npm/@types/ms/-/ms-2.1.0.tgz", {}, ""],

    "@types/node": ["@types/node@22.19.19", "https://mirrors.tencent.com/npm/@types/node/-/node-22.19.19.tgz", { "dependencies": { "undici-types": "~6.21.0" } }, ""],

    "@types/react": ["@types/react@19.2.14", "https://mirrors.tencent.com/npm/@types/react/-/react-19.2.14.tgz", { "dependencies": { "csstype": "^3.2.2" } }, ""],

    "@types/react-dom": ["@types/react-dom@19.2.3", "https://mirrors.tencent.com/npm/@types/react-dom/-/react-dom-19.2.3.tgz", { "peerDependencies": { "@types/react": "^19.2.0" } }, ""],

    "@types/unist": ["@types/unist@3.0.3", "https://mirrors.tencent.com/npm/@types/unist/-/unist-3.0.3.tgz", {}, ""],

    "@ungap/structured-clone": ["@ungap/structured-clone@1.3.1", "https://mirrors.tencent.com/npm/@ungap/structured-clone/-/structured-clone-1.3.1.tgz", {}, ""],

    "any-promise": ["any-promise@1.3.0", "https://mirrors.tencent.com/npm/any-promise/-/any-promise-1.3.0.tgz", {}, ""],

    "anymatch": ["anymatch@3.1.3", "https://mirrors.tencent.com/npm/anymatch/-/anymatch-3.1.3.tgz", { "dependencies": { "normalize-path": "^3.0.0", "picomatch": "^2.0.4" } }, ""],

    "arg": ["arg@5.0.2", "https://mirrors.tencent.com/npm/arg/-/arg-5.0.2.tgz", {}, ""],

    "autoprefixer": ["autoprefixer@10.5.0", "https://mirrors.tencent.com/npm/autoprefixer/-/autoprefixer-10.5.0.tgz", { "dependencies": { "browserslist": "^4.28.2", "caniuse-lite": "^1.0.30001787", "fraction.js": "^5.3.4", "picocolors": "^1.1.1", "postcss-value-parser": "^4.2.0" }, "peerDependencies": { "postcss": "^8.1.0" }, "bin": "bin/autoprefixer" }, ""],

    "bail": ["bail@2.0.2", "https://mirrors.tencent.com/npm/bail/-/bail-2.0.2.tgz", {}, ""],

    "base64-js": ["base64-js@1.5.1", "https://mirrors.tencent.com/npm/base64-js/-/base64-js-1.5.1.tgz", {}, ""],

    "baseline-browser-mapping": ["baseline-browser-mapping@2.10.29", "https://mirrors.tencent.com/npm/baseline-browser-mapping/-/baseline-browser-mapping-2.10.29.tgz", { "bin": "dist/cli.cjs" }, ""],

    "binary-extensions": ["binary-extensions@2.3.0", "https://mirrors.tencent.com/npm/binary-extensions/-/binary-extensions-2.3.0.tgz", {}, ""],

    "braces": ["braces@3.0.3", "https://mirrors.tencent.com/npm/braces/-/braces-3.0.3.tgz", { "dependencies": { "fill-range": "^7.1.1" } }, ""],

    "browserslist": ["browserslist@4.28.2", "https://mirrors.tencent.com/npm/browserslist/-/browserslist-4.28.2.tgz", { "dependencies": { "baseline-browser-mapping": "^2.10.12", "caniuse-lite": "^1.0.30001782", "electron-to-chromium": "^1.5.328", "node-releases": "^2.0.36", "update-browserslist-db": "^1.2.3" }, "bin": "cli.js" }, ""],

    "camelcase-css": ["camelcase-css@2.0.1", "https://mirrors.tencent.com/npm/camelcase-css/-/camelcase-css-2.0.1.tgz", {}, ""],

    "caniuse-lite": ["caniuse-lite@1.0.30001792", "https://mirrors.tencent.com/npm/caniuse-lite/-/caniuse-lite-1.0.30001792.tgz", {}, ""],

    "ccount": ["ccount@2.0.1", "https://mirrors.tencent.com/npm/ccount/-/ccount-2.0.1.tgz", {}, ""],

    "character-entities": ["character-entities@2.0.2", "https://mirrors.tencent.com/npm/character-entities/-/character-entities-2.0.2.tgz", {}, ""],

    "character-entities-html4": ["character-entities-html4@2.1.0", "https://mirrors.tencent.com/npm/character-entities-html4/-/character-entities-html4-2.1.0.tgz", {}, ""],

    "character-entities-legacy": ["character-entities-legacy@3.0.0", "https://mirrors.tencent.com/npm/character-entities-legacy/-/character-entities-legacy-3.0.0.tgz", {}, ""],

    "character-reference-invalid": ["character-reference-invalid@2.0.1", "https://mirrors.tencent.com/npm/character-reference-invalid/-/character-reference-invalid-2.0.1.tgz", {}, ""],

    "chokidar": ["chokidar@3.6.0", "https://mirrors.tencent.com/npm/chokidar/-/chokidar-3.6.0.tgz", { "dependencies": { "anymatch": "~3.1.2", "braces": "~3.0.2", "glob-parent": "~5.1.2", "is-binary-path": "~2.1.0", "is-glob": "~4.0.1", "normalize-path": "~3.0.0", "readdirp": "~3.6.0" }, "optionalDependencies": { "fsevents": "~2.3.2" } }, ""],

    "client-only": ["client-only@0.0.1", "https://mirrors.tencent.com/npm/client-only/-/client-only-0.0.1.tgz", {}, ""],

    "clsx": ["clsx@2.1.1", "https://mirrors.tencent.com/npm/clsx/-/clsx-2.1.1.tgz", {}, ""],

    "comma-separated-tokens": ["comma-separated-tokens@2.0.3", "https://mirrors.tencent.com/npm/comma-separated-tokens/-/comma-separated-tokens-2.0.3.tgz", {}, ""],

    "commander": ["commander@4.1.1", "https://mirrors.tencent.com/npm/commander/-/commander-4.1.1.tgz", {}, ""],

    "cssesc": ["cssesc@3.0.0", "https://mirrors.tencent.com/npm/cssesc/-/cssesc-3.0.0.tgz", { "bin": "bin/cssesc" }, ""],

    "csstype": ["csstype@3.2.3", "https://mirrors.tencent.com/npm/csstype/-/csstype-3.2.3.tgz", {}, ""],

    "debug": ["debug@4.4.3", "https://mirrors.tencent.com/npm/debug/-/debug-4.4.3.tgz", { "dependencies": { "ms": "^2.1.3" } }, ""],

    "decode-named-character-reference": ["decode-named-character-reference@1.3.0", "https://mirrors.tencent.com/npm/decode-named-character-reference/-/decode-named-character-reference-1.3.0.tgz", { "dependencies": { "character-entities": "^2.0.0" } }, ""],

    "deepagents": ["deepagents@1.10.1", "https://mirrors.tencent.com/npm/deepagents/-/deepagents-1.10.1.tgz", { "dependencies": { "@langchain/core": "^1.1.44", "@langchain/langgraph": "^1.3.0", "@langchain/langgraph-sdk": "^1.9.1", "fast-glob": "^3.3.3", "langchain": "^1.4.0", "micromatch": "^4.0.8", "yaml": "^2.8.2", "zod": "^4.3.6" }, "peerDependencies": { "langsmith": ">=0.5.20 <1.0.0" } }, ""],

    "dequal": ["dequal@2.0.3", "https://mirrors.tencent.com/npm/dequal/-/dequal-2.0.3.tgz", {}, ""],

    "detect-libc": ["detect-libc@2.1.2", "https://mirrors.tencent.com/npm/detect-libc/-/detect-libc-2.1.2.tgz", {}, ""],

    "devlop": ["devlop@1.1.0", "https://mirrors.tencent.com/npm/devlop/-/devlop-1.1.0.tgz", { "dependencies": { "dequal": "^2.0.0" } }, ""],

    "didyoumean": ["didyoumean@1.2.2", "https://mirrors.tencent.com/npm/didyoumean/-/didyoumean-1.2.2.tgz", {}, ""],

    "dlv": ["dlv@1.1.3", "https://mirrors.tencent.com/npm/dlv/-/dlv-1.1.3.tgz", {}, ""],

    "electron-to-chromium": ["electron-to-chromium@1.5.354", "https://mirrors.tencent.com/npm/electron-to-chromium/-/electron-to-chromium-1.5.354.tgz", {}, ""],

    "es-errors": ["es-errors@1.3.0", "https://mirrors.tencent.com/npm/es-errors/-/es-errors-1.3.0.tgz", {}, ""],

    "escalade": ["escalade@3.2.0", "https://mirrors.tencent.com/npm/escalade/-/escalade-3.2.0.tgz", {}, ""],

    "estree-util-is-identifier-name": ["estree-util-is-identifier-name@3.0.0", "https://mirrors.tencent.com/npm/estree-util-is-identifier-name/-/estree-util-is-identifier-name-3.0.0.tgz", {}, ""],

    "eventemitter3": ["eventemitter3@4.0.7", "https://mirrors.tencent.com/npm/eventemitter3/-/eventemitter3-4.0.7.tgz", {}, ""],

    "extend": ["extend@3.0.2", "https://mirrors.tencent.com/npm/extend/-/extend-3.0.2.tgz", {}, ""],

    "fast-glob": ["fast-glob@3.3.3", "https://mirrors.tencent.com/npm/fast-glob/-/fast-glob-3.3.3.tgz", { "dependencies": { "@nodelib/fs.stat": "^2.0.2", "@nodelib/fs.walk": "^1.2.3", "glob-parent": "^5.1.2", "merge2": "^1.3.0", "micromatch": "^4.0.8" } }, ""],

    "fastq": ["fastq@1.20.1", "https://mirrors.tencent.com/npm/fastq/-/fastq-1.20.1.tgz", { "dependencies": { "reusify": "^1.0.4" } }, ""],

    "fdir": ["fdir@6.5.0", "https://mirrors.tencent.com/npm/fdir/-/fdir-6.5.0.tgz", { "peerDependencies": { "picomatch": "^3 || ^4" } }, ""],

    "fill-range": ["fill-range@7.1.1", "https://mirrors.tencent.com/npm/fill-range/-/fill-range-7.1.1.tgz", { "dependencies": { "to-regex-range": "^5.0.1" } }, ""],

    "fraction.js": ["fraction.js@5.3.4", "https://mirrors.tencent.com/npm/fraction.js/-/fraction.js-5.3.4.tgz", {}, ""],

    "fsevents": ["fsevents@2.3.3", "https://mirrors.tencent.com/npm/fsevents/-/fsevents-2.3.3.tgz", { "os": "darwin" }, ""],

    "function-bind": ["function-bind@1.1.2", "https://mirrors.tencent.com/npm/function-bind/-/function-bind-1.1.2.tgz", {}, ""],

    "glob-parent": ["glob-parent@6.0.2", "https://mirrors.tencent.com/npm/glob-parent/-/glob-parent-6.0.2.tgz", { "dependencies": { "is-glob": "^4.0.3" } }, ""],

    "hasown": ["hasown@2.0.3", "https://mirrors.tencent.com/npm/hasown/-/hasown-2.0.3.tgz", { "dependencies": { "function-bind": "^1.1.2" } }, ""],

    "hast-util-to-jsx-runtime": ["hast-util-to-jsx-runtime@2.3.6", "https://mirrors.tencent.com/npm/hast-util-to-jsx-runtime/-/hast-util-to-jsx-runtime-2.3.6.tgz", { "dependencies": { "@types/estree": "^1.0.0", "@types/hast": "^3.0.0", "@types/unist": "^3.0.0", "comma-separated-tokens": "^2.0.0", "devlop": "^1.0.0", "estree-util-is-identifier-name": "^3.0.0", "hast-util-whitespace": "^3.0.0", "mdast-util-mdx-expression": "^2.0.0", "mdast-util-mdx-jsx": "^3.0.0", "mdast-util-mdxjs-esm": "^2.0.0", "property-information": "^7.0.0", "space-separated-tokens": "^2.0.0", "style-to-js": "^1.0.0", "unist-util-position": "^5.0.0", "vfile-message": "^4.0.0" } }, ""],

    "hast-util-whitespace": ["hast-util-whitespace@3.0.0", "https://mirrors.tencent.com/npm/hast-util-whitespace/-/hast-util-whitespace-3.0.0.tgz", { "dependencies": { "@types/hast": "^3.0.0" } }, ""],

    "html-url-attributes": ["html-url-attributes@3.0.1", "https://mirrors.tencent.com/npm/html-url-attributes/-/html-url-attributes-3.0.1.tgz", {}, ""],

    "inline-style-parser": ["inline-style-parser@0.2.7", "https://mirrors.tencent.com/npm/inline-style-parser/-/inline-style-parser-0.2.7.tgz", {}, ""],

    "is-alphabetical": ["is-alphabetical@2.0.1", "https://mirrors.tencent.com/npm/is-alphabetical/-/is-alphabetical-2.0.1.tgz", {}, ""],

    "is-alphanumerical": ["is-alphanumerical@2.0.1", "https://mirrors.tencent.com/npm/is-alphanumerical/-/is-alphanumerical-2.0.1.tgz", { "dependencies": { "is-alphabetical": "^2.0.0", "is-decimal": "^2.0.0" } }, ""],

    "is-binary-path": ["is-binary-path@2.1.0", "https://mirrors.tencent.com/npm/is-binary-path/-/is-binary-path-2.1.0.tgz", { "dependencies": { "binary-extensions": "^2.0.0" } }, ""],

    "is-core-module": ["is-core-module@2.16.2", "https://mirrors.tencent.com/npm/is-core-module/-/is-core-module-2.16.2.tgz", { "dependencies": { "hasown": "^2.0.3" } }, ""],

    "is-decimal": ["is-decimal@2.0.1", "https://mirrors.tencent.com/npm/is-decimal/-/is-decimal-2.0.1.tgz", {}, ""],

    "is-extglob": ["is-extglob@2.1.1", "https://mirrors.tencent.com/npm/is-extglob/-/is-extglob-2.1.1.tgz", {}, ""],

    "is-glob": ["is-glob@4.0.3", "https://mirrors.tencent.com/npm/is-glob/-/is-glob-4.0.3.tgz", { "dependencies": { "is-extglob": "^2.1.1" } }, ""],

    "is-hexadecimal": ["is-hexadecimal@2.0.1", "https://mirrors.tencent.com/npm/is-hexadecimal/-/is-hexadecimal-2.0.1.tgz", {}, ""],

    "is-network-error": ["is-network-error@1.3.2", "https://mirrors.tencent.com/npm/is-network-error/-/is-network-error-1.3.2.tgz", {}, ""],

    "is-number": ["is-number@7.0.0", "https://mirrors.tencent.com/npm/is-number/-/is-number-7.0.0.tgz", {}, ""],

    "is-plain-obj": ["is-plain-obj@4.1.0", "https://mirrors.tencent.com/npm/is-plain-obj/-/is-plain-obj-4.1.0.tgz", {}, ""],

    "jiti": ["jiti@1.21.7", "https://mirrors.tencent.com/npm/jiti/-/jiti-1.21.7.tgz", { "bin": "bin/jiti.js" }, ""],

    "js-tiktoken": ["js-tiktoken@1.0.21", "https://mirrors.tencent.com/npm/js-tiktoken/-/js-tiktoken-1.0.21.tgz", { "dependencies": { "base64-js": "^1.5.1" } }, ""],

    "langchain": ["langchain@1.4.0", "https://mirrors.tencent.com/npm/langchain/-/langchain-1.4.0.tgz", { "dependencies": { "@langchain/langgraph": "^1.3.0", "@langchain/langgraph-checkpoint": "^1.0.1", "langsmith": ">=0.5.0 <1.0.0", "zod": "^3.25.76 || ^4" }, "peerDependencies": { "@langchain/core": "^1.1.44" } }, ""],

    "langsmith": ["langsmith@0.6.3", "https://mirrors.tencent.com/npm/langsmith/-/langsmith-0.6.3.tgz", { "dependencies": { "p-queue": "6.6.2" }, "peerDependencies": { "@opentelemetry/api": "*", "@opentelemetry/exporter-trace-otlp-proto": "*", "@opentelemetry/sdk-trace-base": "*", "openai": "*", "ws": ">=7" }, "optionalPeers": ["@opentelemetry/api", "@opentelemetry/exporter-trace-otlp-proto", "@opentelemetry/sdk-trace-base"] }, ""],

    "lilconfig": ["lilconfig@3.1.3", "https://mirrors.tencent.com/npm/lilconfig/-/lilconfig-3.1.3.tgz", {}, ""],

    "lines-and-columns": ["lines-and-columns@1.2.4", "https://mirrors.tencent.com/npm/lines-and-columns/-/lines-and-columns-1.2.4.tgz", {}, ""],

    "longest-streak": ["longest-streak@3.1.0", "https://mirrors.tencent.com/npm/longest-streak/-/longest-streak-3.1.0.tgz", {}, ""],

    "mdast-util-from-markdown": ["mdast-util-from-markdown@2.0.3", "https://mirrors.tencent.com/npm/mdast-util-from-markdown/-/mdast-util-from-markdown-2.0.3.tgz", { "dependencies": { "@types/mdast": "^4.0.0", "@types/unist": "^3.0.0", "decode-named-character-reference": "^1.0.0", "devlop": "^1.0.0", "mdast-util-to-string": "^4.0.0", "micromark": "^4.0.0", "micromark-util-decode-numeric-character-reference": "^2.0.0", "micromark-util-decode-string": "^2.0.0", "micromark-util-normalize-identifier": "^2.0.0", "micromark-util-symbol": "^2.0.0", "micromark-util-types": "^2.0.0", "unist-util-stringify-position": "^4.0.0" } }, ""],

    "mdast-util-mdx-expression": ["mdast-util-mdx-expression@2.0.1", "https://mirrors.tencent.com/npm/mdast-util-mdx-expression/-/mdast-util-mdx-expression-2.0.1.tgz", { "dependencies": { "@types/estree-jsx": "^1.0.0", "@types/hast": "^3.0.0", "@types/mdast": "^4.0.0", "devlop": "^1.0.0", "mdast-util-from-markdown": "^2.0.0", "mdast-util-to-markdown": "^2.0.0" } }, ""],

    "mdast-util-mdx-jsx": ["mdast-util-mdx-jsx@3.2.0", "https://mirrors.tencent.com/npm/mdast-util-mdx-jsx/-/mdast-util-mdx-jsx-3.2.0.tgz", { "dependencies": { "@types/estree-jsx": "^1.0.0", "@types/hast": "^3.0.0", "@types/mdast": "^4.0.0", "@types/unist": "^3.0.0", "ccount": "^2.0.0", "devlop": "^1.1.0", "mdast-util-from-markdown": "^2.0.0", "mdast-util-to-markdown": "^2.0.0", "parse-entities": "^4.0.0", "stringify-entities": "^4.0.0", "unist-util-stringify-position": "^4.0.0", "vfile-message": "^4.0.0" } }, ""],

    "mdast-util-mdxjs-esm": ["mdast-util-mdxjs-esm@2.0.1", "https://mirrors.tencent.com/npm/mdast-util-mdxjs-esm/-/mdast-util-mdxjs-esm-2.0.1.tgz", { "dependencies": { "@types/estree-jsx": "^1.0.0", "@types/hast": "^3.0.0", "@types/mdast": "^4.0.0", "devlop": "^1.0.0", "mdast-util-from-markdown": "^2.0.0", "mdast-util-to-markdown": "^2.0.0" } }, ""],

    "mdast-util-phrasing": ["mdast-util-phrasing@4.1.0", "https://mirrors.tencent.com/npm/mdast-util-phrasing/-/mdast-util-phrasing-4.1.0.tgz", { "dependencies": { "@types/mdast": "^4.0.0", "unist-util-is": "^6.0.0" } }, ""],

    "mdast-util-to-hast": ["mdast-util-to-hast@13.2.1", "https://mirrors.tencent.com/npm/mdast-util-to-hast/-/mdast-util-to-hast-13.2.1.tgz", { "dependencies": { "@types/hast": "^3.0.0", "@types/mdast": "^4.0.0", "@ungap/structured-clone": "^1.0.0", "devlop": "^1.0.0", "micromark-util-sanitize-uri": "^2.0.0", "trim-lines": "^3.0.0", "unist-util-position": "^5.0.0", "unist-util-visit": "^5.0.0", "vfile": "^6.0.0" } }, ""],

    "mdast-util-to-markdown": ["mdast-util-to-markdown@2.1.2", "https://mirrors.tencent.com/npm/mdast-util-to-markdown/-/mdast-util-to-markdown-2.1.2.tgz", { "dependencies": { "@types/mdast": "^4.0.0", "@types/unist": "^3.0.0", "longest-streak": "^3.0.0", "mdast-util-phrasing": "^4.0.0", "mdast-util-to-string": "^4.0.0", "micromark-util-classify-character": "^2.0.0", "micromark-util-decode-string": "^2.0.0", "unist-util-visit": "^5.0.0", "zwitch": "^2.0.0" } }, ""],

    "mdast-util-to-string": ["mdast-util-to-string@4.0.0", "https://mirrors.tencent.com/npm/mdast-util-to-string/-/mdast-util-to-string-4.0.0.tgz", { "dependencies": { "@types/mdast": "^4.0.0" } }, ""],

    "merge2": ["merge2@1.4.1", "https://mirrors.tencent.com/npm/merge2/-/merge2-1.4.1.tgz", {}, ""],

    "micromark": ["micromark@4.0.2", "https://mirrors.tencent.com/npm/micromark/-/micromark-4.0.2.tgz", { "dependencies": { "@types/debug": "^4.0.0", "debug": "^4.0.0", "decode-named-character-reference": "^1.0.0", "devlop": "^1.0.0", "micromark-core-commonmark": "^2.0.0", "micromark-factory-space": "^2.0.0", "micromark-util-character": "^2.0.0", "micromark-util-chunked": "^2.0.0", "micromark-util-combine-extensions": "^2.0.0", "micromark-util-decode-numeric-character-reference": "^2.0.0", "micromark-util-encode": "^2.0.0", "micromark-util-normalize-identifier": "^2.0.0", "micromark-util-resolve-all": "^2.0.0", "micromark-util-sanitize-uri": "^2.0.0", "micromark-util-subtokenize": "^2.0.0", "micromark-util-symbol": "^2.0.0", "micromark-util-types": "^2.0.0" } }, ""],

    "micromark-core-commonmark": ["micromark-core-commonmark@2.0.3", "https://mirrors.tencent.com/npm/micromark-core-commonmark/-/micromark-core-commonmark-2.0.3.tgz", { "dependencies": { "decode-named-character-reference": "^1.0.0", "devlop": "^1.0.0", "micromark-factory-destination": "^2.0.0", "micromark-factory-label": "^2.0.0", "micromark-factory-space": "^2.0.0", "micromark-factory-title": "^2.0.0", "micromark-factory-whitespace": "^2.0.0", "micromark-util-character": "^2.0.0", "micromark-util-chunked": "^2.0.0", "micromark-util-classify-character": "^2.0.0", "micromark-util-html-tag-name": "^2.0.0", "micromark-util-normalize-identifier": "^2.0.0", "micromark-util-resolve-all": "^2.0.0", "micromark-util-subtokenize": "^2.0.0", "micromark-util-symbol": "^2.0.0", "micromark-util-types": "^2.0.0" } }, ""],

    "micromark-factory-destination": ["micromark-factory-destination@2.0.1", "https://mirrors.tencent.com/npm/micromark-factory-destination/-/micromark-factory-destination-2.0.1.tgz", { "dependencies": { "micromark-util-character": "^2.0.0", "micromark-util-symbol": "^2.0.0", "micromark-util-types": "^2.0.0" } }, ""],

    "micromark-factory-label": ["micromark-factory-label@2.0.1", "https://mirrors.tencent.com/npm/micromark-factory-label/-/micromark-factory-label-2.0.1.tgz", { "dependencies": { "devlop": "^1.0.0", "micromark-util-character": "^2.0.0", "micromark-util-symbol": "^2.0.0", "micromark-util-types": "^2.0.0" } }, ""],

    "micromark-factory-space": ["micromark-factory-space@2.0.1", "https://mirrors.tencent.com/npm/micromark-factory-space/-/micromark-factory-space-2.0.1.tgz", { "dependencies": { "micromark-util-character": "^2.0.0", "micromark-util-types": "^2.0.0" } }, ""],

    "micromark-factory-title": ["micromark-factory-title@2.0.1", "https://mirrors.tencent.com/npm/micromark-factory-title/-/micromark-factory-title-2.0.1.tgz", { "dependencies": { "micromark-factory-space": "^2.0.0", "micromark-util-character": "^2.0.0", "micromark-util-symbol": "^2.0.0", "micromark-util-types": "^2.0.0" } }, ""],

    "micromark-factory-whitespace": ["micromark-factory-whitespace@2.0.1", "https://mirrors.tencent.com/npm/micromark-factory-whitespace/-/micromark-factory-whitespace-2.0.1.tgz", { "dependencies": { "micromark-factory-space": "^2.0.0", "micromark-util-character": "^2.0.0", "micromark-util-symbol": "^2.0.0", "micromark-util-types": "^2.0.0" } }, ""],

    "micromark-util-character": ["micromark-util-character@2.1.1", "https://mirrors.tencent.com/npm/micromark-util-character/-/micromark-util-character-2.1.1.tgz", { "dependencies": { "micromark-util-symbol": "^2.0.0", "micromark-util-types": "^2.0.0" } }, ""],

    "micromark-util-chunked": ["micromark-util-chunked@2.0.1", "https://mirrors.tencent.com/npm/micromark-util-chunked/-/micromark-util-chunked-2.0.1.tgz", { "dependencies": { "micromark-util-symbol": "^2.0.0" } }, ""],

    "micromark-util-classify-character": ["micromark-util-classify-character@2.0.1", "https://mirrors.tencent.com/npm/micromark-util-classify-character/-/micromark-util-classify-character-2.0.1.tgz", { "dependencies": { "micromark-util-character": "^2.0.0", "micromark-util-symbol": "^2.0.0", "micromark-util-types": "^2.0.0" } }, ""],

    "micromark-util-combine-extensions": ["micromark-util-combine-extensions@2.0.1", "https://mirrors.tencent.com/npm/micromark-util-combine-extensions/-/micromark-util-combine-extensions-2.0.1.tgz", { "dependencies": { "micromark-util-chunked": "^2.0.0", "micromark-util-types": "^2.0.0" } }, ""],

    "micromark-util-decode-numeric-character-reference": ["micromark-util-decode-numeric-character-reference@2.0.2", "https://mirrors.tencent.com/npm/micromark-util-decode-numeric-character-reference/-/micromark-util-decode-numeric-character-reference-2.0.2.tgz", { "dependencies": { "micromark-util-symbol": "^2.0.0" } }, ""],

    "micromark-util-decode-string": ["micromark-util-decode-string@2.0.1", "https://mirrors.tencent.com/npm/micromark-util-decode-string/-/micromark-util-decode-string-2.0.1.tgz", { "dependencies": { "decode-named-character-reference": "^1.0.0", "micromark-util-character": "^2.0.0", "micromark-util-decode-numeric-character-reference": "^2.0.0", "micromark-util-symbol": "^2.0.0" } }, ""],

    "micromark-util-encode": ["micromark-util-encode@2.0.1", "https://mirrors.tencent.com/npm/micromark-util-encode/-/micromark-util-encode-2.0.1.tgz", {}, ""],

    "micromark-util-html-tag-name": ["micromark-util-html-tag-name@2.0.1", "https://mirrors.tencent.com/npm/micromark-util-html-tag-name/-/micromark-util-html-tag-name-2.0.1.tgz", {}, ""],

    "micromark-util-normalize-identifier": ["micromark-util-normalize-identifier@2.0.1", "https://mirrors.tencent.com/npm/micromark-util-normalize-identifier/-/micromark-util-normalize-identifier-2.0.1.tgz", { "dependencies": { "micromark-util-symbol": "^2.0.0" } }, ""],

    "micromark-util-resolve-all": ["micromark-util-resolve-all@2.0.1", "https://mirrors.tencent.com/npm/micromark-util-resolve-all/-/micromark-util-resolve-all-2.0.1.tgz", { "dependencies": { "micromark-util-types": "^2.0.0" } }, ""],

    "micromark-util-sanitize-uri": ["micromark-util-sanitize-uri@2.0.1", "https://mirrors.tencent.com/npm/micromark-util-sanitize-uri/-/micromark-util-sanitize-uri-2.0.1.tgz", { "dependencies": { "micromark-util-character": "^2.0.0", "micromark-util-encode": "^2.0.0", "micromark-util-symbol": "^2.0.0" } }, ""],

    "micromark-util-subtokenize": ["micromark-util-subtokenize@2.1.0", "https://mirrors.tencent.com/npm/micromark-util-subtokenize/-/micromark-util-subtokenize-2.1.0.tgz", { "dependencies": { "devlop": "^1.0.0", "micromark-util-chunked": "^2.0.0", "micromark-util-symbol": "^2.0.0", "micromark-util-types": "^2.0.0" } }, ""],

    "micromark-util-symbol": ["micromark-util-symbol@2.0.1", "https://mirrors.tencent.com/npm/micromark-util-symbol/-/micromark-util-symbol-2.0.1.tgz", {}, ""],

    "micromark-util-types": ["micromark-util-types@2.0.2", "https://mirrors.tencent.com/npm/micromark-util-types/-/micromark-util-types-2.0.2.tgz", {}, ""],

    "micromatch": ["micromatch@4.0.8", "https://mirrors.tencent.com/npm/micromatch/-/micromatch-4.0.8.tgz", { "dependencies": { "braces": "^3.0.3", "picomatch": "^2.3.1" } }, ""],

    "ms": ["ms@2.1.3", "https://mirrors.tencent.com/npm/ms/-/ms-2.1.3.tgz", {}, ""],

    "mustache": ["mustache@4.2.0", "https://mirrors.tencent.com/npm/mustache/-/mustache-4.2.0.tgz", { "bin": "bin/mustache" }, ""],

    "mz": ["mz@2.7.0", "https://mirrors.tencent.com/npm/mz/-/mz-2.7.0.tgz", { "dependencies": { "any-promise": "^1.0.0", "object-assign": "^4.0.1", "thenify-all": "^1.0.0" } }, ""],

    "nanoid": ["nanoid@3.3.12", "https://mirrors.tencent.com/npm/nanoid/-/nanoid-3.3.12.tgz", { "bin": "bin/nanoid.cjs" }, ""],

    "next": ["next@16.2.6", "https://mirrors.tencent.com/npm/next/-/next-16.2.6.tgz", { "dependencies": { "@next/env": "16.2.6", "@swc/helpers": "0.5.15", "baseline-browser-mapping": "^2.9.19", "caniuse-lite": "^1.0.30001579", "postcss": "8.4.31", "styled-jsx": "5.1.6" }, "optionalDependencies": { "@next/swc-darwin-arm64": "16.2.6", "@next/swc-darwin-x64": "16.2.6", "@next/swc-linux-arm64-gnu": "16.2.6", "@next/swc-linux-arm64-musl": "16.2.6", "@next/swc-linux-x64-gnu": "16.2.6", "@next/swc-linux-x64-musl": "16.2.6", "@next/swc-win32-arm64-msvc": "16.2.6", "@next/swc-win32-x64-msvc": "16.2.6", "sharp": "^0.34.5" }, "peerDependencies": { "@opentelemetry/api": "^1.1.0", "@playwright/test": "^1.51.1", "babel-plugin-react-compiler": "*", "react": "^18.2.0 || 19.0.0-rc-de68d2f4-20241204 || ^19.0.0", "react-dom": "^18.2.0 || 19.0.0-rc-de68d2f4-20241204 || ^19.0.0", "sass": "^1.3.0" }, "optionalPeers": ["@opentelemetry/api", "@playwright/test", "babel-plugin-react-compiler", "sass"], "bin": "dist/bin/next" }, ""],

    "node-releases": ["node-releases@2.0.44", "https://mirrors.tencent.com/npm/node-releases/-/node-releases-2.0.44.tgz", {}, ""],

    "normalize-path": ["normalize-path@3.0.0", "https://mirrors.tencent.com/npm/normalize-path/-/normalize-path-3.0.0.tgz", {}, ""],

    "object-assign": ["object-assign@4.1.1", "https://mirrors.tencent.com/npm/object-assign/-/object-assign-4.1.1.tgz", {}, ""],

    "object-hash": ["object-hash@3.0.0", "https://mirrors.tencent.com/npm/object-hash/-/object-hash-3.0.0.tgz", {}, ""],

    "openai": ["openai@6.37.0", "https://mirrors.tencent.com/npm/openai/-/openai-6.37.0.tgz", { "peerDependencies": { "ws": "^8.18.0", "zod": "^3.25 || ^4.0" }, "bin": "bin/cli" }, ""],

    "p-finally": ["p-finally@1.0.0", "https://mirrors.tencent.com/npm/p-finally/-/p-finally-1.0.0.tgz", {}, ""],

    "p-queue": ["p-queue@6.6.2", "https://mirrors.tencent.com/npm/p-queue/-/p-queue-6.6.2.tgz", { "dependencies": { "eventemitter3": "^4.0.4", "p-timeout": "^3.2.0" } }, ""],

    "p-retry": ["p-retry@7.1.1", "https://mirrors.tencent.com/npm/p-retry/-/p-retry-7.1.1.tgz", { "dependencies": { "is-network-error": "^1.1.0" } }, ""],

    "p-timeout": ["p-timeout@3.2.0", "https://mirrors.tencent.com/npm/p-timeout/-/p-timeout-3.2.0.tgz", { "dependencies": { "p-finally": "^1.0.0" } }, ""],

    "parse-entities": ["parse-entities@4.0.2", "https://mirrors.tencent.com/npm/parse-entities/-/parse-entities-4.0.2.tgz", { "dependencies": { "@types/unist": "^2.0.0", "character-entities-legacy": "^3.0.0", "character-reference-invalid": "^2.0.0", "decode-named-character-reference": "^1.0.0", "is-alphanumerical": "^2.0.0", "is-decimal": "^2.0.0", "is-hexadecimal": "^2.0.0" } }, ""],

    "path-parse": ["path-parse@1.0.7", "https://mirrors.tencent.com/npm/path-parse/-/path-parse-1.0.7.tgz", {}, ""],

    "picocolors": ["picocolors@1.1.1", "https://mirrors.tencent.com/npm/picocolors/-/picocolors-1.1.1.tgz", {}, ""],

    "picomatch": ["picomatch@2.3.2", "https://mirrors.tencent.com/npm/picomatch/-/picomatch-2.3.2.tgz", {}, "sha512-V7+vQEJ06Z+c5tSye8S+nHUfI51xoXIXjHQ99cQtKUkQqqO1kO/KCJUfZXuB47h/YBlDhah2H3hdUGXn8ie0oA=="],

    "pify": ["pify@2.3.0", "https://mirrors.tencent.com/npm/pify/-/pify-2.3.0.tgz", {}, ""],

    "pirates": ["pirates@4.0.7", "https://mirrors.tencent.com/npm/pirates/-/pirates-4.0.7.tgz", {}, ""],

    "postcss": ["postcss@8.5.14", "https://mirrors.tencent.com/npm/postcss/-/postcss-8.5.14.tgz", { "dependencies": { "nanoid": "^3.3.11", "picocolors": "^1.1.1", "source-map-js": "^1.2.1" } }, ""],

    "postcss-import": ["postcss-import@15.1.0", "https://mirrors.tencent.com/npm/postcss-import/-/postcss-import-15.1.0.tgz", { "dependencies": { "postcss-value-parser": "^4.0.0", "read-cache": "^1.0.0", "resolve": "^1.1.7" }, "peerDependencies": { "postcss": "^8.0.0" } }, ""],

    "postcss-js": ["postcss-js@4.1.0", "https://mirrors.tencent.com/npm/postcss-js/-/postcss-js-4.1.0.tgz", { "dependencies": { "camelcase-css": "^2.0.1" }, "peerDependencies": { "postcss": "^8.4.21" } }, ""],

    "postcss-load-config": ["postcss-load-config@6.0.1", "https://mirrors.tencent.com/npm/postcss-load-config/-/postcss-load-config-6.0.1.tgz", { "dependencies": { "lilconfig": "^3.1.1" }, "peerDependencies": { "jiti": ">=1.21.0", "postcss": ">=8.0.9", "tsx": "^4.8.1", "yaml": "^2.4.2" }, "optionalPeers": ["tsx"] }, ""],

    "postcss-nested": ["postcss-nested@6.2.0", "https://mirrors.tencent.com/npm/postcss-nested/-/postcss-nested-6.2.0.tgz", { "dependencies": { "postcss-selector-parser": "^6.1.1" }, "peerDependencies": { "postcss": "^8.2.14" } }, ""],

    "postcss-selector-parser": ["postcss-selector-parser@6.1.2", "https://mirrors.tencent.com/npm/postcss-selector-parser/-/postcss-selector-parser-6.1.2.tgz", { "dependencies": { "cssesc": "^3.0.0", "util-deprecate": "^1.0.2" } }, ""],

    "postcss-value-parser": ["postcss-value-parser@4.2.0", "https://mirrors.tencent.com/npm/postcss-value-parser/-/postcss-value-parser-4.2.0.tgz", {}, ""],

    "property-information": ["property-information@7.1.0", "https://mirrors.tencent.com/npm/property-information/-/property-information-7.1.0.tgz", {}, ""],

    "queue-microtask": ["queue-microtask@1.2.3", "https://mirrors.tencent.com/npm/queue-microtask/-/queue-microtask-1.2.3.tgz", {}, ""],

    "react": ["react@19.2.6", "https://mirrors.tencent.com/npm/react/-/react-19.2.6.tgz", {}, ""],

    "react-dom": ["react-dom@19.2.6", "https://mirrors.tencent.com/npm/react-dom/-/react-dom-19.2.6.tgz", { "dependencies": { "scheduler": "^0.27.0" }, "peerDependencies": { "react": "^19.2.6" } }, ""],

    "react-markdown": ["react-markdown@10.1.0", "https://mirrors.tencent.com/npm/react-markdown/-/react-markdown-10.1.0.tgz", { "dependencies": { "@types/hast": "^3.0.0", "@types/mdast": "^4.0.0", "devlop": "^1.0.0", "hast-util-to-jsx-runtime": "^2.0.0", "html-url-attributes": "^3.0.0", "mdast-util-to-hast": "^13.0.0", "remark-parse": "^11.0.0", "remark-rehype": "^11.0.0", "unified": "^11.0.0", "unist-util-visit": "^5.0.0", "vfile": "^6.0.0" }, "peerDependencies": { "@types/react": ">=18", "react": ">=18" } }, ""],

    "read-cache": ["read-cache@1.0.0", "https://mirrors.tencent.com/npm/read-cache/-/read-cache-1.0.0.tgz", { "dependencies": { "pify": "^2.3.0" } }, ""],

    "readdirp": ["readdirp@3.6.0", "https://mirrors.tencent.com/npm/readdirp/-/readdirp-3.6.0.tgz", { "dependencies": { "picomatch": "^2.2.1" } }, ""],

    "remark-parse": ["remark-parse@11.0.0", "https://mirrors.tencent.com/npm/remark-parse/-/remark-parse-11.0.0.tgz", { "dependencies": { "@types/mdast": "^4.0.0", "mdast-util-from-markdown": "^2.0.0", "micromark-util-types": "^2.0.0", "unified": "^11.0.0" } }, ""],

    "remark-rehype": ["remark-rehype@11.1.2", "https://mirrors.tencent.com/npm/remark-rehype/-/remark-rehype-11.1.2.tgz", { "dependencies": { "@types/hast": "^3.0.0", "@types/mdast": "^4.0.0", "mdast-util-to-hast": "^13.0.0", "unified": "^11.0.0", "vfile": "^6.0.0" } }, ""],

    "resolve": ["resolve@1.22.12", "https://mirrors.tencent.com/npm/resolve/-/resolve-1.22.12.tgz", { "dependencies": { "es-errors": "^1.3.0", "is-core-module": "^2.16.1", "path-parse": "^1.0.7", "supports-preserve-symlinks-flag": "^1.0.0" }, "bin": "bin/resolve" }, ""],

    "reusify": ["reusify@1.1.0", "https://mirrors.tencent.com/npm/reusify/-/reusify-1.1.0.tgz", {}, ""],

    "run-parallel": ["run-parallel@1.2.0", "https://mirrors.tencent.com/npm/run-parallel/-/run-parallel-1.2.0.tgz", { "dependencies": { "queue-microtask": "^1.2.2" } }, ""],

    "scheduler": ["scheduler@0.27.0", "https://mirrors.tencent.com/npm/scheduler/-/scheduler-0.27.0.tgz", {}, ""],

    "semver": ["semver@7.8.0", "https://mirrors.tencent.com/npm/semver/-/semver-7.8.0.tgz", { "bin": "bin/semver.js" }, ""],

    "sharp": ["sharp@0.34.5", "https://mirrors.tencent.com/npm/sharp/-/sharp-0.34.5.tgz", { "dependencies": { "@img/colour": "^1.0.0", "detect-libc": "^2.1.2", "semver": "^7.7.3" }, "optionalDependencies": { "@img/sharp-darwin-arm64": "0.34.5", "@img/sharp-libvips-darwin-arm64": "1.2.4" } }, ""],

    "source-map-js": ["source-map-js@1.2.1", "https://mirrors.tencent.com/npm/source-map-js/-/source-map-js-1.2.1.tgz", {}, ""],

    "space-separated-tokens": ["space-separated-tokens@2.0.2", "https://mirrors.tencent.com/npm/space-separated-tokens/-/space-separated-tokens-2.0.2.tgz", {}, ""],

    "stringify-entities": ["stringify-entities@4.0.4", "https://mirrors.tencent.com/npm/stringify-entities/-/stringify-entities-4.0.4.tgz", { "dependencies": { "character-entities-html4": "^2.0.0", "character-entities-legacy": "^3.0.0" } }, ""],

    "style-to-js": ["style-to-js@1.1.21", "https://mirrors.tencent.com/npm/style-to-js/-/style-to-js-1.1.21.tgz", { "dependencies": { "style-to-object": "1.0.14" } }, ""],

    "style-to-object": ["style-to-object@1.0.14", "https://mirrors.tencent.com/npm/style-to-object/-/style-to-object-1.0.14.tgz", { "dependencies": { "inline-style-parser": "0.2.7" } }, ""],

    "styled-jsx": ["styled-jsx@5.1.6", "https://mirrors.tencent.com/npm/styled-jsx/-/styled-jsx-5.1.6.tgz", { "dependencies": { "client-only": "0.0.1" }, "peerDependencies": { "react": ">= 16.8.0 || 17.x.x || ^18.0.0-0 || ^19.0.0-0" } }, ""],

    "sucrase": ["sucrase@3.35.1", "https://mirrors.tencent.com/npm/sucrase/-/sucrase-3.35.1.tgz", { "dependencies": { "@jridgewell/gen-mapping": "^0.3.2", "commander": "^4.0.0", "lines-and-columns": "^1.1.6", "mz": "^2.7.0", "pirates": "^4.0.1", "tinyglobby": "^0.2.11", "ts-interface-checker": "^0.1.9" }, "bin": { "sucrase": "bin/sucrase", "sucrase-node": "bin/sucrase-node" } }, ""],

    "supports-preserve-symlinks-flag": ["supports-preserve-symlinks-flag@1.0.0", "https://mirrors.tencent.com/npm/supports-preserve-symlinks-flag/-/supports-preserve-symlinks-flag-1.0.0.tgz", {}, ""],

    "tailwind-merge": ["tailwind-merge@3.6.0", "https://mirrors.tencent.com/npm/tailwind-merge/-/tailwind-merge-3.6.0.tgz", {}, ""],

    "tailwindcss": ["tailwindcss@3.4.19", "https://mirrors.tencent.com/npm/tailwindcss/-/tailwindcss-3.4.19.tgz", { "dependencies": { "@alloc/quick-lru": "^5.2.0", "arg": "^5.0.2", "chokidar": "^3.6.0", "didyoumean": "^1.2.2", "dlv": "^1.1.3", "fast-glob": "^3.3.2", "glob-parent": "^6.0.2", "is-glob": "^4.0.3", "jiti": "^1.21.7", "lilconfig": "^3.1.3", "micromatch": "^4.0.8", "normalize-path": "^3.0.0", "object-hash": "^3.0.0", "picocolors": "^1.1.1", "postcss": "^8.4.47", "postcss-import": "^15.1.0", "postcss-js": "^4.0.1", "postcss-load-config": "^4.0.2 || ^5.0 || ^6.0", "postcss-nested": "^6.2.0", "postcss-selector-parser": "^6.1.2", "resolve": "^1.22.8", "sucrase": "^3.35.0" }, "bin": { "tailwind": "lib/cli.js", "tailwindcss": "lib/cli.js" } }, ""],

    "thenify": ["thenify@3.3.1", "https://mirrors.tencent.com/npm/thenify/-/thenify-3.3.1.tgz", { "dependencies": { "any-promise": "^1.0.0" } }, ""],

    "thenify-all": ["thenify-all@1.6.0", "https://mirrors.tencent.com/npm/thenify-all/-/thenify-all-1.6.0.tgz", { "dependencies": { "thenify": ">= 3.1.0 < 4" } }, ""],

    "tinyglobby": ["tinyglobby@0.2.16", "https://mirrors.tencent.com/npm/tinyglobby/-/tinyglobby-0.2.16.tgz", { "dependencies": { "fdir": "^6.5.0", "picomatch": "^4.0.4" } }, ""],

    "to-regex-range": ["to-regex-range@5.0.1", "https://mirrors.tencent.com/npm/to-regex-range/-/to-regex-range-5.0.1.tgz", { "dependencies": { "is-number": "^7.0.0" } }, ""],

    "trim-lines": ["trim-lines@3.0.1", "https://mirrors.tencent.com/npm/trim-lines/-/trim-lines-3.0.1.tgz", {}, ""],

    "trough": ["trough@2.2.0", "https://mirrors.tencent.com/npm/trough/-/trough-2.2.0.tgz", {}, ""],

    "ts-interface-checker": ["ts-interface-checker@0.1.13", "https://mirrors.tencent.com/npm/ts-interface-checker/-/ts-interface-checker-0.1.13.tgz", {}, ""],

    "tslib": ["tslib@2.8.1", "https://mirrors.tencent.com/npm/tslib/-/tslib-2.8.1.tgz", {}, ""],

    "typescript": ["typescript@5.9.3", "https://mirrors.tencent.com/npm/typescript/-/typescript-5.9.3.tgz", { "bin": { "tsc": "bin/tsc", "tsserver": "bin/tsserver" } }, ""],

    "undici-types": ["undici-types@6.21.0", "https://mirrors.tencent.com/npm/undici-types/-/undici-types-6.21.0.tgz", {}, ""],

    "unified": ["unified@11.0.5", "https://mirrors.tencent.com/npm/unified/-/unified-11.0.5.tgz", { "dependencies": { "@types/unist": "^3.0.0", "bail": "^2.0.0", "devlop": "^1.0.0", "extend": "^3.0.0", "is-plain-obj": "^4.0.0", "trough": "^2.0.0", "vfile": "^6.0.0" } }, ""],

    "unist-util-is": ["unist-util-is@6.0.1", "https://mirrors.tencent.com/npm/unist-util-is/-/unist-util-is-6.0.1.tgz", { "dependencies": { "@types/unist": "^3.0.0" } }, ""],

    "unist-util-position": ["unist-util-position@5.0.0", "https://mirrors.tencent.com/npm/unist-util-position/-/unist-util-position-5.0.0.tgz", { "dependencies": { "@types/unist": "^3.0.0" } }, ""],

    "unist-util-stringify-position": ["unist-util-stringify-position@4.0.0", "https://mirrors.tencent.com/npm/unist-util-stringify-position/-/unist-util-stringify-position-4.0.0.tgz", { "dependencies": { "@types/unist": "^3.0.0" } }, ""],

    "unist-util-visit": ["unist-util-visit@5.1.0", "https://mirrors.tencent.com/npm/unist-util-visit/-/unist-util-visit-5.1.0.tgz", { "dependencies": { "@types/unist": "^3.0.0", "unist-util-is": "^6.0.0", "unist-util-visit-parents": "^6.0.0" } }, ""],

    "unist-util-visit-parents": ["unist-util-visit-parents@6.0.2", "https://mirrors.tencent.com/npm/unist-util-visit-parents/-/unist-util-visit-parents-6.0.2.tgz", { "dependencies": { "@types/unist": "^3.0.0", "unist-util-is": "^6.0.0" } }, ""],

    "update-browserslist-db": ["update-browserslist-db@1.2.3", "https://mirrors.tencent.com/npm/update-browserslist-db/-/update-browserslist-db-1.2.3.tgz", { "dependencies": { "escalade": "^3.2.0", "picocolors": "^1.1.1" }, "peerDependencies": { "browserslist": ">= 4.21.0" }, "bin": "cli.js" }, ""],

    "util-deprecate": ["util-deprecate@1.0.2", "https://mirrors.tencent.com/npm/util-deprecate/-/util-deprecate-1.0.2.tgz", {}, ""],

    "uuid": ["uuid@10.0.0", "https://mirrors.tencent.com/npm/uuid/-/uuid-10.0.0.tgz", { "bin": "dist/bin/uuid" }, ""],

    "vfile": ["vfile@6.0.3", "https://mirrors.tencent.com/npm/vfile/-/vfile-6.0.3.tgz", { "dependencies": { "@types/unist": "^3.0.0", "vfile-message": "^4.0.0" } }, ""],

    "vfile-message": ["vfile-message@4.0.3", "https://mirrors.tencent.com/npm/vfile-message/-/vfile-message-4.0.3.tgz", { "dependencies": { "@types/unist": "^3.0.0", "unist-util-stringify-position": "^4.0.0" } }, ""],

    "ws": ["ws@8.20.1", "https://mirrors.tencent.com/npm/ws/-/ws-8.20.1.tgz", { "peerDependencies": { "bufferutil": "^4.0.1", "utf-8-validate": ">=5.0.2" }, "optionalPeers": ["bufferutil", "utf-8-validate"] }, ""],

    "yaml": ["yaml@2.9.0", "https://mirrors.tencent.com/npm/yaml/-/yaml-2.9.0.tgz", { "bin": "bin.mjs" }, ""],

    "zod": ["zod@4.4.3", "https://mirrors.tencent.com/npm/zod/-/zod-4.4.3.tgz", {}, ""],

    "zwitch": ["zwitch@2.0.4", "https://mirrors.tencent.com/npm/zwitch/-/zwitch-2.0.4.tgz", {}, ""],

    "@langchain/langgraph-sdk/p-queue": ["p-queue@9.2.0", "https://mirrors.tencent.com/npm/p-queue/-/p-queue-9.2.0.tgz", { "dependencies": { "eventemitter3": "^5.0.4", "p-timeout": "^7.0.0" } }, ""],

    "@langchain/langgraph-sdk/uuid": ["uuid@13.0.2", "https://mirrors.tencent.com/npm/uuid/-/uuid-13.0.2.tgz", { "bin": "dist-node/bin/uuid" }, ""],

    "anymatch/picomatch": ["picomatch@2.3.2", "https://mirrors.tencent.com/npm/picomatch/-/picomatch-2.3.2.tgz", {}, "sha512-V7+vQEJ06Z+c5tSye8S+nHUfI51xoXIXjHQ99cQtKUkQqqO1kO/KCJUfZXuB47h/YBlDhah2H3hdUGXn8ie0oA=="],

    "chokidar/glob-parent": ["glob-parent@5.1.2", "https://mirrors.tencent.com/npm/glob-parent/-/glob-parent-5.1.2.tgz", { "dependencies": { "is-glob": "^4.0.1" } }, ""],

    "fast-glob/glob-parent": ["glob-parent@5.1.2", "https://mirrors.tencent.com/npm/glob-parent/-/glob-parent-5.1.2.tgz", { "dependencies": { "is-glob": "^4.0.1" } }, ""],

    "fdir/picomatch": ["picomatch@4.0.4", "https://mirrors.tencent.com/npm/picomatch/-/picomatch-4.0.4.tgz", {}, "sha512-QP88BAKvMam/3NxH6vj2o21R6MjxZUAd6nlwAS/pnGvN9IVLocLHxGYIzFhg6fUQ+5th6P4dv4eW9jX3DSIj7A=="],

    "next/postcss": ["postcss@8.4.31", "https://mirrors.tencent.com/npm/postcss/-/postcss-8.4.31.tgz", { "dependencies": { "nanoid": "^3.3.6", "picocolors": "^1.0.0", "source-map-js": "^1.0.2" } }, ""],

    "parse-entities/@types/unist": ["@types/unist@2.0.11", "https://mirrors.tencent.com/npm/@types/unist/-/unist-2.0.11.tgz", {}, ""],

    "readdirp/picomatch": ["picomatch@2.3.2", "https://mirrors.tencent.com/npm/picomatch/-/picomatch-2.3.2.tgz", {}, "sha512-V7+vQEJ06Z+c5tSye8S+nHUfI51xoXIXjHQ99cQtKUkQqqO1kO/KCJUfZXuB47h/YBlDhah2H3hdUGXn8ie0oA=="],

    "tinyglobby/picomatch": ["picomatch@4.0.4", "https://mirrors.tencent.com/npm/picomatch/-/picomatch-4.0.4.tgz", {}, "sha512-QP88BAKvMam/3NxH6vj2o21R6MjxZUAd6nlwAS/pnGvN9IVLocLHxGYIzFhg6fUQ+5th6P4dv4eW9jX3DSIj7A=="],

    "@langchain/langgraph-sdk/p-queue/eventemitter3": ["eventemitter3@5.0.4", "https://mirrors.tencent.com/npm/eventemitter3/-/eventemitter3-5.0.4.tgz", {}, ""],

    "@langchain/langgraph-sdk/p-queue/p-timeout": ["p-timeout@7.0.1", "https://mirrors.tencent.com/npm/p-timeout/-/p-timeout-7.0.1.tgz", {}, ""],
  }
}
